
Microsoft Visual Studio Solution File, Format Version 12.00
# Visual Studio Version 17
VisualStudioVersion = 17.5.002.0
MinimumVisualStudioVersion = 10.0.40219.1
Project("{9A19103F-16F7-4668-BE54-9A1E7A4F7556}") = "WebApplication1", "WebApplication1.csproj", "{EC410D29-F530-435D-BFE0-668B0BC4CCB2}"
EndProject
Global
	GlobalSection(SolutionConfigurationPlatforms) = preSolution
		Debug|Any CPU = Debug|Any CPU
		Release|Any CPU = Release|Any CPU
	EndGlobalSection
	GlobalSection(ProjectConfigurationPlatforms) = postSolution
		{EC410D29-F530-435D-BFE0-668B0BC4CCB2}.Debug|Any CPU.ActiveCfg = Debug|Any CPU
		{EC410D29-F530-435D-BFE0-668B0BC4CCB2}.Debug|Any CPU.Build.0 = Debug|Any CPU
		{EC410D29-F530-435D-BFE0-668B0BC4CCB2}.Release|Any CPU.ActiveCfg = Release|Any CPU
		{EC410D29-F530-435D-BFE0-668B0BC4CCB2}.Release|Any CPU.Build.0 = Release|Any CPU
	EndGlobalSection
	GlobalSection(SolutionProperties) = preSolution
		HideSolutionNode = FALSE
	EndGlobalSection
	GlobalSection(ExtensibilityGlobals) = postSolution
		SolutionGuid = {AB3A1940-43BE-4A53-AB1F-FBB64C0999D9}
	EndGlobalSection
EndGlobal
